// !$*UTF8*$!
{
	archiveVersion = 1;
	classes = {
	};
	objectVersion = 77;
	objects = {

/* Begin PBXBuildFile section */
		F7F31F422DB623CF000BFCFA /* ContentView.swift in Sources */ = {isa = PBXBuildFile; fileRef = F7F31F3F2DB623CF000BFCFA /* ContentView.swift */; };
		F7F31F432DB623CF000BFCFA /* GoalLifeApp.swift in Sources */ = {isa = PBXBuildFile; fileRef = F7F31F402DB623CF000BFCFA /* GoalLifeApp.swift */; };
		F7F31F442DB623CF000BFCFA /* Assets.xcassets in Resources */ = {isa = PBXBuildFile; fileRef = F7F31F3E2DB623CF000BFCFA /* Assets.xcassets */; };
		F7F31F462DB626B8000BFCFA /* LaunchScreen.storyboard in Resources */ = {isa = PBXBuildFile; fileRef = F7F31F452DB626B8000BFCFA /* LaunchScreen.storyboard */; };
		F7F31F492DB627DB000BFCFA /* OnboardingView.swift in Sources */ = {isa = PBXBuildFile; fileRef = F7F31F482DB627DB000BFCFA /* OnboardingView.swift */; };
		F7F31F4B2DB629BE000BFCFA /* OnboardingPageView.swift in Sources */ = {isa = PBXBuildFile; fileRef = F7F31F4A2DB629BE000BFCFA /* OnboardingPageView.swift */; };
		F7F31F4D2DB62E1D000BFCFA /* CreateGoalView.swift in Sources */ = {isa = PBXBuildFile; fileRef = F7F31F4C2DB62E1D000BFCFA /* CreateGoalView.swift */; };
		F7F31F4F2DB63699000BFCFA /* Date+Extensions.swift in Sources */ = {isa = PBXBuildFile; fileRef = F7F31F4E2DB63699000BFCFA /* Date+Extensions.swift */; };
		F7F31F532DB63C8E000BFCFA /* CoreData.xcdatamodeld in Sources */ = {isa = PBXBuildFile; fileRef = F7F31F512DB63C8E000BFCFA /* CoreData.xcdatamodeld */; };
		F7F31F5A2DB63E1A000BFCFA /* Goal+CoreDataClass.swift in Sources */ = {isa = PBXBuildFile; fileRef = F7F31F582DB63E1A000BFCFA /* Goal+CoreDataClass.swift */; };
		F7F31F5B2DB63E1A000BFCFA /* Goal+CoreDataProperties.swift in Sources */ = {isa = PBXBuildFile; fileRef = F7F31F592DB63E1A000BFCFA /* Goal+CoreDataProperties.swift */; };
		F7F31F5D2DB63E85000BFCFA /* Persistence.swift in Sources */ = {isa = PBXBuildFile; fileRef = F7F31F5C2DB63E85000BFCFA /* Persistence.swift */; };
		F7F31F5F2DB63FB2000BFCFA /* GoalViewModel.swift in Sources */ = {isa = PBXBuildFile; fileRef = F7F31F5E2DB63FB2000BFCFA /* GoalViewModel.swift */; };
		F7F31F622DB641BE000BFCFA /* GoalCardView.swift in Sources */ = {isa = PBXBuildFile; fileRef = F7F31F612DB641BE000BFCFA /* GoalCardView.swift */; };
/* End PBXBuildFile section */

/* Begin PBXFileReference section */
		F7F31F302DB623C1000BFCFA /* GoalLife.app */ = {isa = PBXFileReference; explicitFileType = wrapper.application; includeInIndex = 0; path = GoalLife.app; sourceTree = BUILT_PRODUCTS_DIR; };
		F7F31F3E2DB623CF000BFCFA /* Assets.xcassets */ = {isa = PBXFileReference; lastKnownFileType = folder.assetcatalog; path = Assets.xcassets; sourceTree = "<group>"; };
		F7F31F3F2DB623CF000BFCFA /* ContentView.swift */ = {isa = PBXFileReference; lastKnownFileType = sourcecode.swift; path = ContentView.swift; sourceTree = "<group>"; };
		F7F31F402DB623CF000BFCFA /* GoalLifeApp.swift */ = {isa = PBXFileReference; lastKnownFileType = sourcecode.swift; path = GoalLifeApp.swift; sourceTree = "<group>"; };
		F7F31F452DB626B8000BFCFA /* LaunchScreen.storyboard */ = {isa = PBXFileReference; lastKnownFileType = file.storyboard; path = LaunchScreen.storyboard; sourceTree = "<group>"; };
		F7F31F482DB627DB000BFCFA /* OnboardingView.swift */ = {isa = PBXFileReference; lastKnownFileType = sourcecode.swift; path = OnboardingView.swift; sourceTree = "<group>"; };
		F7F31F4A2DB629BE000BFCFA /* OnboardingPageView.swift */ = {isa = PBXFileReference; lastKnownFileType = sourcecode.swift; path = OnboardingPageView.swift; sourceTree = "<group>"; };
		F7F31F4C2DB62E1D000BFCFA /* CreateGoalView.swift */ = {isa = PBXFileReference; lastKnownFileType = sourcecode.swift; path = CreateGoalView.swift; sourceTree = "<group>"; };
		F7F31F4E2DB63699000BFCFA /* Date+Extensions.swift */ = {isa = PBXFileReference; lastKnownFileType = sourcecode.swift; path = "Date+Extensions.swift"; sourceTree = "<group>"; };
		F7F31F522DB63C8E000BFCFA /* CoreData.xcdatamodel */ = {isa = PBXFileReference; lastKnownFileType = wrapper.xcdatamodel; path = CoreData.xcdatamodel; sourceTree = "<group>"; };
		F7F31F582DB63E1A000BFCFA /* Goal+CoreDataClass.swift */ = {isa = PBXFileReference; lastKnownFileType = sourcecode.swift; path = "Goal+CoreDataClass.swift"; sourceTree = "<group>"; };
		F7F31F592DB63E1A000BFCFA /* Goal+CoreDataProperties.swift */ = {isa = PBXFileReference; lastKnownFileType = sourcecode.swift; path = "Goal+CoreDataProperties.swift"; sourceTree = "<group>"; };
		F7F31F5C2DB63E85000BFCFA /* Persistence.swift */ = {isa = PBXFileReference; lastKnownFileType = sourcecode.swift; path = Persistence.swift; sourceTree = "<group>"; };
		F7F31F5E2DB63FB2000BFCFA /* GoalViewModel.swift */ = {isa = PBXFileReference; lastKnownFileType = sourcecode.swift; path = GoalViewModel.swift; sourceTree = "<group>"; };
		F7F31F612DB641BE000BFCFA /* GoalCardView.swift */ = {isa = PBXFileReference; lastKnownFileType = sourcecode.swift; path = GoalCardView.swift; sourceTree = "<group>"; };
/* End PBXFileReference section */

/* Begin PBXFrameworksBuildPhase section */
		F7F31F2D2DB623C1000BFCFA /* Frameworks */ = {
			isa = PBXFrameworksBuildPhase;
			buildActionMask = 2147483647;
			files = (
			);
			runOnlyForDeploymentPostprocessing = 0;
		};
/* End PBXFrameworksBuildPhase section */

/* Begin PBXGroup section */
		F7F31F272DB623C1000BFCFA = {
			isa = PBXGroup;
			children = (
				F7F31F412DB623CF000BFCFA /* GoalLife */,
				F7F31F312DB623C1000BFCFA /* Products */,
			);
			sourceTree = "<group>";
		};
		F7F31F312DB623C1000BFCFA /* Products */ = {
			isa = PBXGroup;
			children = (
				F7F31F302DB623C1000BFCFA /* GoalLife.app */,
			);
			name = Products;
			sourceTree = "<group>";
		};
		F7F31F412DB623CF000BFCFA /* GoalLife */ = {
			isa = PBXGroup;
			children = (
				F7F31F602DB63FBA000BFCFA /* ViewModel */,
				F7F31F502DB63C39000BFCFA /* Model */,
				F7F31F472DB6272F000BFCFA /* View */,
				F7F31F3E2DB623CF000BFCFA /* Assets.xcassets */,
				F7F31F4E2DB63699000BFCFA /* Date+Extensions.swift */,
				F7F31F402DB623CF000BFCFA /* GoalLifeApp.swift */,
				F7F31F452DB626B8000BFCFA /* LaunchScreen.storyboard */,
			);
			path = GoalLife;
			sourceTree = "<group>";
		};
		F7F31F472DB6272F000BFCFA /* View */ = {
			isa = PBXGroup;
			children = (
				F7F31F3F2DB623CF000BFCFA /* ContentView.swift */,
				F7F31F482DB627DB000BFCFA /* OnboardingView.swift */,
				F7F31F4A2DB629BE000BFCFA /* OnboardingPageView.swift */,
				F7F31F4C2DB62E1D000BFCFA /* CreateGoalView.swift */,
				F7F31F612DB641BE000BFCFA /* GoalCardView.swift */,
			);
			path = View;
			sourceTree = "<group>";
		};
		F7F31F502DB63C39000BFCFA /* Model */ = {
			isa = PBXGroup;
			children = (
				F7F31F582DB63E1A000BFCFA /* Goal+CoreDataClass.swift */,
				F7F31F592DB63E1A000BFCFA /* Goal+CoreDataProperties.swift */,
				F7F31F5C2DB63E85000BFCFA /* Persistence.swift */,
				F7F31F512DB63C8E000BFCFA /* CoreData.xcdatamodeld */,
			);
			path = Model;
			sourceTree = "<group>";
		};
		F7F31F602DB63FBA000BFCFA /* ViewModel */ = {
			isa = PBXGroup;
			children = (
				F7F31F5E2DB63FB2000BFCFA /* GoalViewModel.swift */,
			);
			path = ViewModel;
			sourceTree = "<group>";
		};
/* End PBXGroup section */

/* Begin PBXNativeTarget section */
		F7F31F2F2DB623C1000BFCFA /* GoalLife */ = {
			isa = PBXNativeTarget;
			buildConfigurationList = F7F31F3B2DB623C4000BFCFA /* Build configuration list for PBXNativeTarget "GoalLife" */;
			buildPhases = (
				F7F31F2C2DB623C1000BFCFA /* Sources */,
				F7F31F2D2DB623C1000BFCFA /* Frameworks */,
				F7F31F2E2DB623C1000BFCFA /* Resources */,
			);
			buildRules = (
			);
			dependencies = (
			);
			name = GoalLife;
			packageProductDependencies = (
			);
			productName = GoalLife;
			productReference = F7F31F302DB623C1000BFCFA /* GoalLife.app */;
			productType = "com.apple.product-type.application";
		};
/* End PBXNativeTarget section */

/* Begin PBXProject section */
		F7F31F282DB623C1000BFCFA /* Project object */ = {
			isa = PBXProject;
			attributes = {
				BuildIndependentTargetsInParallel = 1;
				LastSwiftUpdateCheck = 1630;
				LastUpgradeCheck = 1630;
				TargetAttributes = {
					F7F31F2F2DB623C1000BFCFA = {
						CreatedOnToolsVersion = 16.3;
					};
				};
			};
			buildConfigurationList = F7F31F2B2DB623C1000BFCFA /* Build configuration list for PBXProject "GoalLife" */;
			developmentRegion = "zh-Hans";
			hasScannedForEncodings = 0;
			knownRegions = (
				en,
				Base,
				"zh-Hans",
			);
			mainGroup = F7F31F272DB623C1000BFCFA;
			minimizedProjectReferenceProxies = 1;
			preferredProjectObjectVersion = 77;
			productRefGroup = F7F31F312DB623C1000BFCFA /* Products */;
			projectDirPath = "";
			projectRoot = "";
			targets = (
				F7F31F2F2DB623C1000BFCFA /* GoalLife */,
			);
		};
/* End PBXProject section */

/* Begin PBXResourcesBuildPhase section */
		F7F31F2E2DB623C1000BFCFA /* Resources */ = {
			isa = PBXResourcesBuildPhase;
			buildActionMask = 2147483647;
			files = (
				F7F31F442DB623CF000BFCFA /* Assets.xcassets in Resources */,
				F7F31F462DB626B8000BFCFA /* LaunchScreen.storyboard in Resources */,
			);
			runOnlyForDeploymentPostprocessing = 0;
		};
/* End PBXResourcesBuildPhase section */

/* Begin PBXSourcesBuildPhase section */
		F7F31F2C2DB623C1000BFCFA /* Sources */ = {
			isa = PBXSourcesBuildPhase;
			buildActionMask = 2147483647;
			files = (
				F7F31F5A2DB63E1A000BFCFA /* Goal+CoreDataClass.swift in Sources */,
				F7F31F622DB641BE000BFCFA /* GoalCardView.swift in Sources */,
				F7F31F5B2DB63E1A000BFCFA /* Goal+CoreDataProperties.swift in Sources */,
				F7F31F492DB627DB000BFCFA /* OnboardingView.swift in Sources */,
				F7F31F5F2DB63FB2000BFCFA /* GoalViewModel.swift in Sources */,
				F7F31F422DB623CF000BFCFA /* ContentView.swift in Sources */,
				F7F31F4B2DB629BE000BFCFA /* OnboardingPageView.swift in Sources */,
				F7F31F432DB623CF000BFCFA /* GoalLifeApp.swift in Sources */,
				F7F31F4D2DB62E1D000BFCFA /* CreateGoalView.swift in Sources */,
				F7F31F4F2DB63699000BFCFA /* Date+Extensions.swift in Sources */,
				F7F31F532DB63C8E000BFCFA /* CoreData.xcdatamodeld in Sources */,
				F7F31F5D2DB63E85000BFCFA /* Persistence.swift in Sources */,
			);
			runOnlyForDeploymentPostprocessing = 0;
		};
/* End PBXSourcesBuildPhase section */

/* Begin XCBuildConfiguration section */
		F7F31F392DB623C4000BFCFA /* Debug */ = {
			isa = XCBuildConfiguration;
			buildSettings = {
				ALWAYS_SEARCH_USER_PATHS = NO;
				ASSETCATALOG_COMPILER_GENERATE_SWIFT_ASSET_SYMBOL_EXTENSIONS = YES;
				CLANG_ANALYZER_NONNULL = YES;
				CLANG_ANALYZER_NUMBER_OBJECT_CONVERSION = YES_AGGRESSIVE;
				CLANG_CXX_LANGUAGE_STANDARD = "gnu++20";
				CLANG_ENABLE_MODULES = YES;
				CLANG_ENABLE_OBJC_ARC = YES;
				CLANG_ENABLE_OBJC_WEAK = YES;
				CLANG_WARN_BLOCK_CAPTURE_AUTORELEASING = YES;
				CLANG_WARN_BOOL_CONVERSION = YES;
				CLANG_WARN_COMMA = YES;
				CLANG_WARN_CONSTANT_CONVERSION = YES;
				CLANG_WARN_DEPRECATED_OBJC_IMPLEMENTATIONS = YES;
				CLANG_WARN_DIRECT_OBJC_ISA_USAGE = YES_ERROR;
				CLANG_WARN_DOCUMENTATION_COMMENTS = YES;
				CLANG_WARN_EMPTY_BODY = YES;
				CLANG_WARN_ENUM_CONVERSION = YES;
				CLANG_WARN_INFINITE_RECURSION = YES;
				CLANG_WARN_INT_CONVERSION = YES;
				CLANG_WARN_NON_LITERAL_NULL_CONVERSION = YES;
				CLANG_WARN_OBJC_IMPLICIT_RETAIN_SELF = YES;
				CLANG_WARN_OBJC_LITERAL_CONVERSION = YES;
				CLANG_WARN_OBJC_ROOT_CLASS = YES_ERROR;
				CLANG_WARN_QUOTED_INCLUDE_IN_FRAMEWORK_HEADER = YES;
				CLANG_WARN_RANGE_LOOP_ANALYSIS = YES;
				CLANG_WARN_STRICT_PROTOTYPES = YES;
				CLANG_WARN_SUSPICIOUS_MOVE = YES;
				CLANG_WARN_UNGUARDED_AVAILABILITY = YES_AGGRESSIVE;
				CLANG_WARN_UNREACHABLE_CODE = YES;
				CLANG_WARN__DUPLICATE_METHOD_MATCH = YES;
				COPY_PHASE_STRIP = NO;
				DEBUG_INFORMATION_FORMAT = dwarf;
				DEVELOPMENT_TEAM = KS5QTFAS57;
				ENABLE_STRICT_OBJC_MSGSEND = YES;
				ENABLE_TESTABILITY = YES;
				ENABLE_USER_SCRIPT_SANDBOXING = YES;
				GCC_C_LANGUAGE_STANDARD = gnu17;
				GCC_DYNAMIC_NO_PIC = NO;
				GCC_NO_COMMON_BLOCKS = YES;
				GCC_OPTIMIZATION_LEVEL = 0;
				GCC_PREPROCESSOR_DEFINITIONS = (
					"DEBUG=1",
					"$(inherited)",
				);
				GCC_WARN_64_TO_32_BIT_CONVERSION = YES;
				GCC_WARN_ABOUT_RETURN_TYPE = YES_ERROR;
				GCC_WARN_UNDECLARED_SELECTOR = YES;
				GCC_WARN_UNINITIALIZED_AUTOS = YES_AGGRESSIVE;
				GCC_WARN_UNUSED_FUNCTION = YES;
				GCC_WARN_UNUSED_VARIABLE = YES;
				IPHONEOS_DEPLOYMENT_TARGET = 18.4;
				LOCALIZATION_PREFERS_STRING_CATALOGS = YES;
				MTL_ENABLE_DEBUG_INFO = INCLUDE_SOURCE;
				MTL_FAST_MATH = YES;
				ONLY_ACTIVE_ARCH = YES;
				SDKROOT = iphoneos;
				SWIFT_ACTIVE_COMPILATION_CONDITIONS = "DEBUG $(inherited)";
				SWIFT_OPTIMIZATION_LEVEL = "-Onone";
			};
			name = Debug;
		};
		F7F31F3A2DB623C4000BFCFA /* Release */ = {
			isa = XCBuildConfiguration;
			buildSettings = {
				ALWAYS_SEARCH_USER_PATHS = NO;
				ASSETCATALOG_COMPILER_GENERATE_SWIFT_ASSET_SYMBOL_EXTENSIONS = YES;
				CLANG_ANALYZER_NONNULL = YES;
				CLANG_ANALYZER_NUMBER_OBJECT_CONVERSION = YES_AGGRESSIVE;
				CLANG_CXX_LANGUAGE_STANDARD = "gnu++20";
				CLANG_ENABLE_MODULES = YES;
				CLANG_ENABLE_OBJC_ARC = YES;
				CLANG_ENABLE_OBJC_WEAK = YES;
				CLANG_WARN_BLOCK_CAPTURE_AUTORELEASING = YES;
				CLANG_WARN_BOOL_CONVERSION = YES;
				CLANG_WARN_COMMA = YES;
				CLANG_WARN_CONSTANT_CONVERSION = YES;
				CLANG_WARN_DEPRECATED_OBJC_IMPLEMENTATIONS = YES;
				CLANG_WARN_DIRECT_OBJC_ISA_USAGE = YES_ERROR;
				CLANG_WARN_DOCUMENTATION_COMMENTS = YES;
				CLANG_WARN_EMPTY_BODY = YES;
				CLANG_WARN_ENUM_CONVERSION = YES;
				CLANG_WARN_INFINITE_RECURSION = YES;
				CLANG_WARN_INT_CONVERSION = YES;
				CLANG_WARN_NON_LITERAL_NULL_CONVERSION = YES;
				CLANG_WARN_OBJC_IMPLICIT_RETAIN_SELF = YES;
				CLANG_WARN_OBJC_LITERAL_CONVERSION = YES;
				CLANG_WARN_OBJC_ROOT_CLASS = YES_ERROR;
				CLANG_WARN_QUOTED_INCLUDE_IN_FRAMEWORK_HEADER = YES;
				CLANG_WARN_RANGE_LOOP_ANALYSIS = YES;
				CLANG_WARN_STRICT_PROTOTYPES = YES;
				CLANG_WARN_SUSPICIOUS_MOVE = YES;
				CLANG_WARN_UNGUARDED_AVAILABILITY = YES_AGGRESSIVE;
				CLANG_WARN_UNREACHABLE_CODE = YES;
				CLANG_WARN__DUPLICATE_METHOD_MATCH = YES;
				COPY_PHASE_STRIP = NO;
				DEBUG_INFORMATION_FORMAT = "dwarf-with-dsym";
				DEVELOPMENT_TEAM = KS5QTFAS57;
				ENABLE_NS_ASSERTIONS = NO;
				ENABLE_STRICT_OBJC_MSGSEND = YES;
				ENABLE_USER_SCRIPT_SANDBOXING = YES;
				GCC_C_LANGUAGE_STANDARD = gnu17;
				GCC_NO_COMMON_BLOCKS = YES;
				GCC_WARN_64_TO_32_BIT_CONVERSION = YES;
				GCC_WARN_ABOUT_RETURN_TYPE = YES_ERROR;
				GCC_WARN_UNDECLARED_SELECTOR = YES;
				GCC_WARN_UNINITIALIZED_AUTOS = YES_AGGRESSIVE;
				GCC_WARN_UNUSED_FUNCTION = YES;
				GCC_WARN_UNUSED_VARIABLE = YES;
				IPHONEOS_DEPLOYMENT_TARGET = 18.4;
				LOCALIZATION_PREFERS_STRING_CATALOGS = YES;
				MTL_ENABLE_DEBUG_INFO = NO;
				MTL_FAST_MATH = YES;
				SDKROOT = iphoneos;
				SWIFT_COMPILATION_MODE = wholemodule;
				VALIDATE_PRODUCT = YES;
			};
			name = Release;
		};
		F7F31F3C2DB623C4000BFCFA /* Debug */ = {
			isa = XCBuildConfiguration;
			buildSettings = {
				ASSETCATALOG_COMPILER_APPICON_NAME = AppIcon;
				ASSETCATALOG_COMPILER_GLOBAL_ACCENT_COLOR_NAME = AccentColor;
				CODE_SIGN_STYLE = Automatic;
				CURRENT_PROJECT_VERSION = 1;
				DEVELOPMENT_TEAM = KS5QTFAS57;
				ENABLE_PREVIEWS = YES;
				GENERATE_INFOPLIST_FILE = YES;
				INFOPLIST_KEY_UIApplicationSceneManifest_Generation = YES;
				INFOPLIST_KEY_UIApplicationSupportsIndirectInputEvents = YES;
				INFOPLIST_KEY_UILaunchScreen_Generation = YES;
				INFOPLIST_KEY_UISupportedInterfaceOrientations_iPad = "UIInterfaceOrientationPortrait UIInterfaceOrientationPortraitUpsideDown UIInterfaceOrientationLandscapeLeft UIInterfaceOrientationLandscapeRight";
				INFOPLIST_KEY_UISupportedInterfaceOrientations_iPhone = "UIInterfaceOrientationPortrait UIInterfaceOrientationLandscapeLeft UIInterfaceOrientationLandscapeRight";
				LD_RUNPATH_SEARCH_PATHS = (
					"$(inherited)",
					"@executable_path/Frameworks",
				);
				MARKETING_VERSION = 1.0;
				PRODUCT_BUNDLE_IDENTIFIER = cn.shenyj.SwiftUI.demo.GoalLife.GoalLife;
				PRODUCT_NAME = "$(TARGET_NAME)";
				SWIFT_EMIT_LOC_STRINGS = YES;
				SWIFT_VERSION = 5.0;
				TARGETED_DEVICE_FAMILY = "1,2";
			};
			name = Debug;
		};
		F7F31F3D2DB623C4000BFCFA /* Release */ = {
			isa = XCBuildConfiguration;
			buildSettings = {
				ASSETCATALOG_COMPILER_APPICON_NAME = AppIcon;
				ASSETCATALOG_COMPILER_GLOBAL_ACCENT_COLOR_NAME = AccentColor;
				CODE_SIGN_STYLE = Automatic;
				CURRENT_PROJECT_VERSION = 1;
				DEVELOPMENT_TEAM = KS5QTFAS57;
				ENABLE_PREVIEWS = YES;
				GENERATE_INFOPLIST_FILE = YES;
				INFOPLIST_KEY_UIApplicationSceneManifest_Generation = YES;
				INFOPLIST_KEY_UIApplicationSupportsIndirectInputEvents = YES;
				INFOPLIST_KEY_UILaunchScreen_Generation = YES;
				INFOPLIST_KEY_UISupportedInterfaceOrientations_iPad = "UIInterfaceOrientationPortrait UIInterfaceOrientationPortraitUpsideDown UIInterfaceOrientationLandscapeLeft UIInterfaceOrientationLandscapeRight";
				INFOPLIST_KEY_UISupportedInterfaceOrientations_iPhone = "UIInterfaceOrientationPortrait UIInterfaceOrientationLandscapeLeft UIInterfaceOrientationLandscapeRight";
				LD_RUNPATH_SEARCH_PATHS = (
					"$(inherited)",
					"@executable_path/Frameworks",
				);
				MARKETING_VERSION = 1.0;
				PRODUCT_BUNDLE_IDENTIFIER = cn.shenyj.SwiftUI.demo.GoalLife.GoalLife;
				PRODUCT_NAME = "$(TARGET_NAME)";
				SWIFT_EMIT_LOC_STRINGS = YES;
				SWIFT_VERSION = 5.0;
				TARGETED_DEVICE_FAMILY = "1,2";
			};
			name = Release;
		};
/* End XCBuildConfiguration section */

/* Begin XCConfigurationList section */
		F7F31F2B2DB623C1000BFCFA /* Build configuration list for PBXProject "GoalLife" */ = {
			isa = XCConfigurationList;
			buildConfigurations = (
				F7F31F392DB623C4000BFCFA /* Debug */,
				F7F31F3A2DB623C4000BFCFA /* Release */,
			);
			defaultConfigurationIsVisible = 0;
			defaultConfigurationName = Release;
		};
		F7F31F3B2DB623C4000BFCFA /* Build configuration list for PBXNativeTarget "GoalLife" */ = {
			isa = XCConfigurationList;
			buildConfigurations = (
				F7F31F3C2DB623C4000BFCFA /* Debug */,
				F7F31F3D2DB623C4000BFCFA /* Release */,
			);
			defaultConfigurationIsVisible = 0;
			defaultConfigurationName = Release;
		};
/* End XCConfigurationList section */

/* Begin XCVersionGroup section */
		F7F31F512DB63C8E000BFCFA /* CoreData.xcdatamodeld */ = {
			isa = XCVersionGroup;
			children = (
				F7F31F522DB63C8E000BFCFA /* CoreData.xcdatamodel */,
			);
			currentVersion = F7F31F522DB63C8E000BFCFA /* CoreData.xcdatamodel */;
			path = CoreData.xcdatamodeld;
			sourceTree = "<group>";
			versionGroupType = wrapper.xcdatamodel;
		};
/* End XCVersionGroup section */
	};
	rootObject = F7F31F282DB623C1000BFCFA /* Project object */;
}
