// !$*UTF8*$!
{
	archiveVersion = 1;
	classes = {
	};
	objectVersion = 77;
	objects = {

/* Begin PBXBuildFile section */
		F78023072DB241D200909C35 /* AuthenticationApp.swift in Sources */ = {isa = PBXBuildFile; fileRef = F78023032DB241D200909C35 /* AuthenticationApp.swift */; };
		F780230A2DB241D200909C35 /* Assets.xcassets in Resources */ = {isa = PBXBuildFile; fileRef = F78023022DB241D200909C35 /* Assets.xcassets */; };
		F78023162DB2463100909C35 /* ColumnCardView.swift in Sources */ = {isa = PBXBuildFile; fileRef = F78023132DB2463100909C35 /* ColumnCardView.swift */; };
		F78023172DB2463100909C35 /* ContentView.swift in Sources */ = {isa = PBXBuildFile; fileRef = F78023142DB2463100909C35 /* ContentView.swift */; };
		F780231A2DB2463500909C35 /* FaceIDAuthManager.swift in Sources */ = {isa = PBXBuildFile; fileRef = F78023182DB2463500909C35 /* FaceIDAuthManager.swift */; };
		F780231E2DB2544D00909C35 /* ImageUploadView.swift in Sources */ = {isa = PBXBuildFile; fileRef = F780231D2DB2544D00909C35 /* ImageUploadView.swift */; };
/* End PBXBuildFile section */

/* Begin PBXFileReference section */
		F78022F22DB23FC100909C35 /* Authentication.app */ = {isa = PBXFileReference; explicitFileType = wrapper.application; includeInIndex = 0; path = Authentication.app; sourceTree = BUILT_PRODUCTS_DIR; };
		F78023022DB241D200909C35 /* Assets.xcassets */ = {isa = PBXFileReference; lastKnownFileType = folder.assetcatalog; path = Assets.xcassets; sourceTree = "<group>"; };
		F78023032DB241D200909C35 /* AuthenticationApp.swift */ = {isa = PBXFileReference; lastKnownFileType = sourcecode.swift; path = AuthenticationApp.swift; sourceTree = "<group>"; };
		F78023132DB2463100909C35 /* ColumnCardView.swift */ = {isa = PBXFileReference; lastKnownFileType = sourcecode.swift; path = ColumnCardView.swift; sourceTree = "<group>"; };
		F78023142DB2463100909C35 /* ContentView.swift */ = {isa = PBXFileReference; lastKnownFileType = sourcecode.swift; path = ContentView.swift; sourceTree = "<group>"; };
		F78023182DB2463500909C35 /* FaceIDAuthManager.swift */ = {isa = PBXFileReference; lastKnownFileType = sourcecode.swift; path = FaceIDAuthManager.swift; sourceTree = "<group>"; };
		F780231C2DB2468C00909C35 /* Authentication.xcconfig */ = {isa = PBXFileReference; lastKnownFileType = text.xcconfig; path = Authentication.xcconfig; sourceTree = "<group>"; };
		F780231D2DB2544D00909C35 /* ImageUploadView.swift */ = {isa = PBXFileReference; lastKnownFileType = sourcecode.swift; path = ImageUploadView.swift; sourceTree = "<group>"; };
/* End PBXFileReference section */

/* Begin PBXFrameworksBuildPhase section */
		F78022EF2DB23FC100909C35 /* Frameworks */ = {
			isa = PBXFrameworksBuildPhase;
			buildActionMask = 2147483647;
			files = (
			);
			runOnlyForDeploymentPostprocessing = 0;
		};
/* End PBXFrameworksBuildPhase section */

/* Begin PBXGroup section */
		F78022E92DB23FC100909C35 = {
			isa = PBXGroup;
			children = (
				F780231B2DB2466C00909C35 /* Configurations */,
				F78023062DB241D200909C35 /* Authentication */,
				F78022F32DB23FC100909C35 /* Products */,
			);
			sourceTree = "<group>";
		};
		F78022F32DB23FC100909C35 /* Products */ = {
			isa = PBXGroup;
			children = (
				F78022F22DB23FC100909C35 /* Authentication.app */,
			);
			name = Products;
			sourceTree = "<group>";
		};
		F78023062DB241D200909C35 /* Authentication */ = {
			isa = PBXGroup;
			children = (
				F78023152DB2463100909C35 /* View */,
				F78023192DB2463500909C35 /* ViewModel */,
				F78023022DB241D200909C35 /* Assets.xcassets */,
				F78023032DB241D200909C35 /* AuthenticationApp.swift */,
			);
			path = Authentication;
			sourceTree = "<group>";
		};
		F78023152DB2463100909C35 /* View */ = {
			isa = PBXGroup;
			children = (
				F78023132DB2463100909C35 /* ColumnCardView.swift */,
				F780231D2DB2544D00909C35 /* ImageUploadView.swift */,
				F78023142DB2463100909C35 /* ContentView.swift */,
			);
			path = View;
			sourceTree = "<group>";
		};
		F78023192DB2463500909C35 /* ViewModel */ = {
			isa = PBXGroup;
			children = (
				F78023182DB2463500909C35 /* FaceIDAuthManager.swift */,
			);
			path = ViewModel;
			sourceTree = "<group>";
		};
		F780231B2DB2466C00909C35 /* Configurations */ = {
			isa = PBXGroup;
			children = (
				F780231C2DB2468C00909C35 /* Authentication.xcconfig */,
			);
			path = Configurations;
			sourceTree = "<group>";
		};
/* End PBXGroup section */

/* Begin PBXNativeTarget section */
		F78022F12DB23FC100909C35 /* Authentication */ = {
			isa = PBXNativeTarget;
			buildConfigurationList = F78022FD2DB23FC400909C35 /* Build configuration list for PBXNativeTarget "Authentication" */;
			buildPhases = (
				F78022EE2DB23FC100909C35 /* Sources */,
				F78022EF2DB23FC100909C35 /* Frameworks */,
				F78022F02DB23FC100909C35 /* Resources */,
			);
			buildRules = (
			);
			dependencies = (
			);
			name = Authentication;
			packageProductDependencies = (
			);
			productName = Authentication;
			productReference = F78022F22DB23FC100909C35 /* Authentication.app */;
			productType = "com.apple.product-type.application";
		};
/* End PBXNativeTarget section */

/* Begin PBXProject section */
		F78022EA2DB23FC100909C35 /* Project object */ = {
			isa = PBXProject;
			attributes = {
				BuildIndependentTargetsInParallel = 1;
				LastSwiftUpdateCheck = 1630;
				LastUpgradeCheck = 1630;
				TargetAttributes = {
					F78022F12DB23FC100909C35 = {
						CreatedOnToolsVersion = 16.3;
					};
				};
			};
			buildConfigurationList = F78022ED2DB23FC100909C35 /* Build configuration list for PBXProject "Authentication" */;
			developmentRegion = "zh-Hans";
			hasScannedForEncodings = 0;
			knownRegions = (
				en,
				Base,
				"zh-Hans",
			);
			mainGroup = F78022E92DB23FC100909C35;
			minimizedProjectReferenceProxies = 1;
			preferredProjectObjectVersion = 77;
			productRefGroup = F78022F32DB23FC100909C35 /* Products */;
			projectDirPath = "";
			projectRoot = "";
			targets = (
				F78022F12DB23FC100909C35 /* Authentication */,
			);
		};
/* End PBXProject section */

/* Begin PBXResourcesBuildPhase section */
		F78022F02DB23FC100909C35 /* Resources */ = {
			isa = PBXResourcesBuildPhase;
			buildActionMask = 2147483647;
			files = (
				F780230A2DB241D200909C35 /* Assets.xcassets in Resources */,
			);
			runOnlyForDeploymentPostprocessing = 0;
		};
/* End PBXResourcesBuildPhase section */

/* Begin PBXSourcesBuildPhase section */
		F78022EE2DB23FC100909C35 /* Sources */ = {
			isa = PBXSourcesBuildPhase;
			buildActionMask = 2147483647;
			files = (
				F78023072DB241D200909C35 /* AuthenticationApp.swift in Sources */,
				F78023162DB2463100909C35 /* ColumnCardView.swift in Sources */,
				F78023172DB2463100909C35 /* ContentView.swift in Sources */,
				F780231A2DB2463500909C35 /* FaceIDAuthManager.swift in Sources */,
				F780231E2DB2544D00909C35 /* ImageUploadView.swift in Sources */,
			);
			runOnlyForDeploymentPostprocessing = 0;
		};
/* End PBXSourcesBuildPhase section */

/* Begin XCBuildConfiguration section */
		F78022FB2DB23FC400909C35 /* Debug */ = {
			isa = XCBuildConfiguration;
			buildSettings = {
				ALWAYS_SEARCH_USER_PATHS = NO;
				ASSETCATALOG_COMPILER_GENERATE_SWIFT_ASSET_SYMBOL_EXTENSIONS = YES;
				CLANG_ANALYZER_NONNULL = YES;
				CLANG_ANALYZER_NUMBER_OBJECT_CONVERSION = YES_AGGRESSIVE;
				CLANG_CXX_LANGUAGE_STANDARD = "gnu++20";
				CLANG_ENABLE_MODULES = YES;
				CLANG_ENABLE_OBJC_ARC = YES;
				CLANG_ENABLE_OBJC_WEAK = YES;
				CLANG_WARN_BLOCK_CAPTURE_AUTORELEASING = YES;
				CLANG_WARN_BOOL_CONVERSION = YES;
				CLANG_WARN_COMMA = YES;
				CLANG_WARN_CONSTANT_CONVERSION = YES;
				CLANG_WARN_DEPRECATED_OBJC_IMPLEMENTATIONS = YES;
				CLANG_WARN_DIRECT_OBJC_ISA_USAGE = YES_ERROR;
				CLANG_WARN_DOCUMENTATION_COMMENTS = YES;
				CLANG_WARN_EMPTY_BODY = YES;
				CLANG_WARN_ENUM_CONVERSION = YES;
				CLANG_WARN_INFINITE_RECURSION = YES;
				CLANG_WARN_INT_CONVERSION = YES;
				CLANG_WARN_NON_LITERAL_NULL_CONVERSION = YES;
				CLANG_WARN_OBJC_IMPLICIT_RETAIN_SELF = YES;
				CLANG_WARN_OBJC_LITERAL_CONVERSION = YES;
				CLANG_WARN_OBJC_ROOT_CLASS = YES_ERROR;
				CLANG_WARN_QUOTED_INCLUDE_IN_FRAMEWORK_HEADER = YES;
				CLANG_WARN_RANGE_LOOP_ANALYSIS = YES;
				CLANG_WARN_STRICT_PROTOTYPES = YES;
				CLANG_WARN_SUSPICIOUS_MOVE = YES;
				CLANG_WARN_UNGUARDED_AVAILABILITY = YES_AGGRESSIVE;
				CLANG_WARN_UNREACHABLE_CODE = YES;
				CLANG_WARN__DUPLICATE_METHOD_MATCH = YES;
				COPY_PHASE_STRIP = NO;
				DEBUG_INFORMATION_FORMAT = dwarf;
				DEVELOPMENT_TEAM = KS5QTFAS57;
				ENABLE_STRICT_OBJC_MSGSEND = YES;
				ENABLE_TESTABILITY = YES;
				ENABLE_USER_SCRIPT_SANDBOXING = YES;
				GCC_C_LANGUAGE_STANDARD = gnu17;
				GCC_DYNAMIC_NO_PIC = NO;
				GCC_NO_COMMON_BLOCKS = YES;
				GCC_OPTIMIZATION_LEVEL = 0;
				GCC_PREPROCESSOR_DEFINITIONS = (
					"DEBUG=1",
					"$(inherited)",
				);
				GCC_WARN_64_TO_32_BIT_CONVERSION = YES;
				GCC_WARN_ABOUT_RETURN_TYPE = YES_ERROR;
				GCC_WARN_UNDECLARED_SELECTOR = YES;
				GCC_WARN_UNINITIALIZED_AUTOS = YES_AGGRESSIVE;
				GCC_WARN_UNUSED_FUNCTION = YES;
				GCC_WARN_UNUSED_VARIABLE = YES;
				IPHONEOS_DEPLOYMENT_TARGET = 18.4;
				LOCALIZATION_PREFERS_STRING_CATALOGS = YES;
				MTL_ENABLE_DEBUG_INFO = INCLUDE_SOURCE;
				MTL_FAST_MATH = YES;
				ONLY_ACTIVE_ARCH = YES;
				SDKROOT = iphoneos;
				SWIFT_ACTIVE_COMPILATION_CONDITIONS = "DEBUG $(inherited)";
				SWIFT_OPTIMIZATION_LEVEL = "-Onone";
			};
			name = Debug;
		};
		F78022FC2DB23FC400909C35 /* Release */ = {
			isa = XCBuildConfiguration;
			buildSettings = {
				ALWAYS_SEARCH_USER_PATHS = NO;
				ASSETCATALOG_COMPILER_GENERATE_SWIFT_ASSET_SYMBOL_EXTENSIONS = YES;
				CLANG_ANALYZER_NONNULL = YES;
				CLANG_ANALYZER_NUMBER_OBJECT_CONVERSION = YES_AGGRESSIVE;
				CLANG_CXX_LANGUAGE_STANDARD = "gnu++20";
				CLANG_ENABLE_MODULES = YES;
				CLANG_ENABLE_OBJC_ARC = YES;
				CLANG_ENABLE_OBJC_WEAK = YES;
				CLANG_WARN_BLOCK_CAPTURE_AUTORELEASING = YES;
				CLANG_WARN_BOOL_CONVERSION = YES;
				CLANG_WARN_COMMA = YES;
				CLANG_WARN_CONSTANT_CONVERSION = YES;
				CLANG_WARN_DEPRECATED_OBJC_IMPLEMENTATIONS = YES;
				CLANG_WARN_DIRECT_OBJC_ISA_USAGE = YES_ERROR;
				CLANG_WARN_DOCUMENTATION_COMMENTS = YES;
				CLANG_WARN_EMPTY_BODY = YES;
				CLANG_WARN_ENUM_CONVERSION = YES;
				CLANG_WARN_INFINITE_RECURSION = YES;
				CLANG_WARN_INT_CONVERSION = YES;
				CLANG_WARN_NON_LITERAL_NULL_CONVERSION = YES;
				CLANG_WARN_OBJC_IMPLICIT_RETAIN_SELF = YES;
				CLANG_WARN_OBJC_LITERAL_CONVERSION = YES;
				CLANG_WARN_OBJC_ROOT_CLASS = YES_ERROR;
				CLANG_WARN_QUOTED_INCLUDE_IN_FRAMEWORK_HEADER = YES;
				CLANG_WARN_RANGE_LOOP_ANALYSIS = YES;
				CLANG_WARN_STRICT_PROTOTYPES = YES;
				CLANG_WARN_SUSPICIOUS_MOVE = YES;
				CLANG_WARN_UNGUARDED_AVAILABILITY = YES_AGGRESSIVE;
				CLANG_WARN_UNREACHABLE_CODE = YES;
				CLANG_WARN__DUPLICATE_METHOD_MATCH = YES;
				COPY_PHASE_STRIP = NO;
				DEBUG_INFORMATION_FORMAT = "dwarf-with-dsym";
				DEVELOPMENT_TEAM = KS5QTFAS57;
				ENABLE_NS_ASSERTIONS = NO;
				ENABLE_STRICT_OBJC_MSGSEND = YES;
				ENABLE_USER_SCRIPT_SANDBOXING = YES;
				GCC_C_LANGUAGE_STANDARD = gnu17;
				GCC_NO_COMMON_BLOCKS = YES;
				GCC_WARN_64_TO_32_BIT_CONVERSION = YES;
				GCC_WARN_ABOUT_RETURN_TYPE = YES_ERROR;
				GCC_WARN_UNDECLARED_SELECTOR = YES;
				GCC_WARN_UNINITIALIZED_AUTOS = YES_AGGRESSIVE;
				GCC_WARN_UNUSED_FUNCTION = YES;
				GCC_WARN_UNUSED_VARIABLE = YES;
				IPHONEOS_DEPLOYMENT_TARGET = 18.4;
				LOCALIZATION_PREFERS_STRING_CATALOGS = YES;
				MTL_ENABLE_DEBUG_INFO = NO;
				MTL_FAST_MATH = YES;
				SDKROOT = iphoneos;
				SWIFT_COMPILATION_MODE = wholemodule;
				VALIDATE_PRODUCT = YES;
			};
			name = Release;
		};
		F78022FE2DB23FC400909C35 /* Debug */ = {
			isa = XCBuildConfiguration;
			baseConfigurationReference = F780231C2DB2468C00909C35 /* Authentication.xcconfig */;
			buildSettings = {
				ASSETCATALOG_COMPILER_APPICON_NAME = AppIcon;
				ASSETCATALOG_COMPILER_GLOBAL_ACCENT_COLOR_NAME = AccentColor;
				CODE_SIGN_STYLE = Automatic;
				CURRENT_PROJECT_VERSION = 1;
				DEVELOPMENT_TEAM = KS5QTFAS57;
				ENABLE_PREVIEWS = YES;
				GENERATE_INFOPLIST_FILE = YES;
				INFOPLIST_KEY_NSCameraUsageDescription = "App需要您的同意才能使用相机拍摄图片,是否允许?";
				INFOPLIST_KEY_NSFaceIDUsageDescription = "App需要您的同意才能使用面容ID进行认证,是否允许?";
				INFOPLIST_KEY_NSPhotoLibraryAddUsageDescription = "App需要您的同意才能从相册中上传图片,是否允许?";
				INFOPLIST_KEY_NSPhotoLibraryUsageDescription = "App需要您的同意才能从相册中上传图片,是否允许?";
				INFOPLIST_KEY_UIApplicationSceneManifest_Generation = YES;
				INFOPLIST_KEY_UIApplicationSupportsIndirectInputEvents = YES;
				INFOPLIST_KEY_UILaunchScreen_Generation = YES;
				INFOPLIST_KEY_UISupportedInterfaceOrientations_iPad = "UIInterfaceOrientationPortrait UIInterfaceOrientationPortraitUpsideDown UIInterfaceOrientationLandscapeLeft UIInterfaceOrientationLandscapeRight";
				INFOPLIST_KEY_UISupportedInterfaceOrientations_iPhone = "UIInterfaceOrientationPortrait UIInterfaceOrientationLandscapeLeft UIInterfaceOrientationLandscapeRight";
				LD_RUNPATH_SEARCH_PATHS = (
					"$(inherited)",
					"@executable_path/Frameworks",
				);
				MARKETING_VERSION = 1.0;
				PRODUCT_BUNDLE_IDENTIFIER = cn.shenyj.SwiftUI.demo.Authentication.Authentication;
				PRODUCT_NAME = "$(TARGET_NAME)";
				SWIFT_EMIT_LOC_STRINGS = YES;
				SWIFT_VERSION = 5.0;
				TARGETED_DEVICE_FAMILY = "1,2";
			};
			name = Debug;
		};
		F78022FF2DB23FC400909C35 /* Release */ = {
			isa = XCBuildConfiguration;
			baseConfigurationReference = F780231C2DB2468C00909C35 /* Authentication.xcconfig */;
			buildSettings = {
				ASSETCATALOG_COMPILER_APPICON_NAME = AppIcon;
				ASSETCATALOG_COMPILER_GLOBAL_ACCENT_COLOR_NAME = AccentColor;
				CODE_SIGN_STYLE = Automatic;
				CURRENT_PROJECT_VERSION = 1;
				DEVELOPMENT_TEAM = KS5QTFAS57;
				ENABLE_PREVIEWS = YES;
				GENERATE_INFOPLIST_FILE = YES;
				INFOPLIST_KEY_NSCameraUsageDescription = "App需要您的同意才能使用相机拍摄图片,是否允许?";
				INFOPLIST_KEY_NSFaceIDUsageDescription = "App需要您的同意才能使用面容ID进行认证,是否允许?";
				INFOPLIST_KEY_NSPhotoLibraryAddUsageDescription = "App需要您的同意才能从相册中上传图片,是否允许?";
				INFOPLIST_KEY_NSPhotoLibraryUsageDescription = "App需要您的同意才能从相册中上传图片,是否允许?";
				INFOPLIST_KEY_UIApplicationSceneManifest_Generation = YES;
				INFOPLIST_KEY_UIApplicationSupportsIndirectInputEvents = YES;
				INFOPLIST_KEY_UILaunchScreen_Generation = YES;
				INFOPLIST_KEY_UISupportedInterfaceOrientations_iPad = "UIInterfaceOrientationPortrait UIInterfaceOrientationPortraitUpsideDown UIInterfaceOrientationLandscapeLeft UIInterfaceOrientationLandscapeRight";
				INFOPLIST_KEY_UISupportedInterfaceOrientations_iPhone = "UIInterfaceOrientationPortrait UIInterfaceOrientationLandscapeLeft UIInterfaceOrientationLandscapeRight";
				LD_RUNPATH_SEARCH_PATHS = (
					"$(inherited)",
					"@executable_path/Frameworks",
				);
				MARKETING_VERSION = 1.0;
				PRODUCT_BUNDLE_IDENTIFIER = cn.shenyj.SwiftUI.demo.Authentication.Authentication;
				PRODUCT_NAME = "$(TARGET_NAME)";
				SWIFT_EMIT_LOC_STRINGS = YES;
				SWIFT_VERSION = 5.0;
				TARGETED_DEVICE_FAMILY = "1,2";
			};
			name = Release;
		};
/* End XCBuildConfiguration section */

/* Begin XCConfigurationList section */
		F78022ED2DB23FC100909C35 /* Build configuration list for PBXProject "Authentication" */ = {
			isa = XCConfigurationList;
			buildConfigurations = (
				F78022FB2DB23FC400909C35 /* Debug */,
				F78022FC2DB23FC400909C35 /* Release */,
			);
			defaultConfigurationIsVisible = 0;
			defaultConfigurationName = Release;
		};
		F78022FD2DB23FC400909C35 /* Build configuration list for PBXNativeTarget "Authentication" */ = {
			isa = XCConfigurationList;
			buildConfigurations = (
				F78022FE2DB23FC400909C35 /* Debug */,
				F78022FF2DB23FC400909C35 /* Release */,
			);
			defaultConfigurationIsVisible = 0;
			defaultConfigurationName = Release;
		};
/* End XCConfigurationList section */
	};
	rootObject = F78022EA2DB23FC100909C35 /* Project object */;
}
